// !$*UTF8*$!
{
	archiveVersion = 1;
	classes = {
	};
	objectVersion = 46;
	objects = {

/* Begin PBXBuildFile section */
		490B386C1DCAFC3200130FA5 /* Problem12.swift in Sources */ = {isa = PBXBuildFile; fileRef = 490B386B1DCAFC3200130FA5 /* Problem12.swift */; };
		4922205F1DD044D800C19364 /* Problem14.swift in Sources */ = {isa = PBXBuildFile; fileRef = 4922205E1DD044D800C19364 /* Problem14.swift */; };
		492DE93D1D94D4B7002DB1D7 /* Problem5.swift in Sources */ = {isa = PBXBuildFile; fileRef = 492DE93C1D94D4B7002DB1D7 /* Problem5.swift */; };
		493206ED1D94C89B00268E3C /* Problem4.swift in Sources */ = {isa = PBXBuildFile; fileRef = 493206EC1D94C89B00268E3C /* Problem4.swift */; };
		495321BB1DD1383F00035D54 /* Problem15.swift in Sources */ = {isa = PBXBuildFile; fileRef = 495321BA1DD1383F00035D54 /* Problem15.swift */; };
		495321BE1DD2884000035D54 /* Problem16.swift in Sources */ = {isa = PBXBuildFile; fileRef = 495321BD1DD2884000035D54 /* Problem16.swift */; };
		495321C11DD28B5E00035D54 /* Problem17.swift in Sources */ = {isa = PBXBuildFile; fileRef = 495321C01DD28B5E00035D54 /* Problem17.swift */; };
		49C1BB2D1D90DD8E00F48B3C /* main.swift in Sources */ = {isa = PBXBuildFile; fileRef = 49C1BB2C1D90DD8E00F48B3C /* main.swift */; };
		49C1BB341D90DDFE00F48B3C /* Problem1.swift in Sources */ = {isa = PBXBuildFile; fileRef = 49C1BB331D90DDFE00F48B3C /* Problem1.swift */; };
		49C1BB361D90E33300F48B3C /* Problem2.swift in Sources */ = {isa = PBXBuildFile; fileRef = 49C1BB351D90E33300F48B3C /* Problem2.swift */; };
		49C1BB381D90E61200F48B3C /* Problem3.swift in Sources */ = {isa = PBXBuildFile; fileRef = 49C1BB371D90E61200F48B3C /* Problem3.swift */; };
		49C58B6B1DC3BFD600025745 /* Problem10.swift in Sources */ = {isa = PBXBuildFile; fileRef = 49C58B6A1DC3BFD600025745 /* Problem10.swift */; };
		49C58B6D1DC3C11800025745 /* Problem11.swift in Sources */ = {isa = PBXBuildFile; fileRef = 49C58B6C1DC3C11800025745 /* Problem11.swift */; };
		49D1C2441DC1782D00EEF114 /* Problem6.swift in Sources */ = {isa = PBXBuildFile; fileRef = 49D1C2431DC1782D00EEF114 /* Problem6.swift */; };
		49D1C2461DC17C1B00EEF114 /* Problem7.swift in Sources */ = {isa = PBXBuildFile; fileRef = 49D1C2451DC17C1B00EEF114 /* Problem7.swift */; };
		49D1C2481DC1809500EEF114 /* Problem8.swift in Sources */ = {isa = PBXBuildFile; fileRef = 49D1C2471DC1809500EEF114 /* Problem8.swift */; };
		49D1C24A1DC183B600EEF114 /* StringUtility.swift in Sources */ = {isa = PBXBuildFile; fileRef = 49D1C2491DC183B600EEF114 /* StringUtility.swift */; };
		49D1C24C1DC1AFCF00EEF114 /* Problem9.swift in Sources */ = {isa = PBXBuildFile; fileRef = 49D1C24B1DC1AFCF00EEF114 /* Problem9.swift */; };
		49F793301DD0387200FD6217 /* IntUtility.swift in Sources */ = {isa = PBXBuildFile; fileRef = 49F7932F1DD0387200FD6217 /* IntUtility.swift */; };
		49F793321DD039F500FD6217 /* Problem13.swift in Sources */ = {isa = PBXBuildFile; fileRef = 49F793311DD039F500FD6217 /* Problem13.swift */; };
		E211B912616E6EC9B32F8508 /* Pods_ProjectEulerSwift.framework in Frameworks */ = {isa = PBXBuildFile; fileRef = 6B730F1A41C089B27ED25CDE /* Pods_ProjectEulerSwift.framework */; };
/* End PBXBuildFile section */

/* Begin PBXCopyFilesBuildPhase section */
		49C1BB271D90DD8E00F48B3C /* CopyFiles */ = {
			isa = PBXCopyFilesBuildPhase;
			buildActionMask = 2147483647;
			dstPath = /usr/share/man/man1/;
			dstSubfolderSpec = 0;
			files = (
			);
			runOnlyForDeploymentPostprocessing = 1;
		};
/* End PBXCopyFilesBuildPhase section */

/* Begin PBXFileReference section */
		490B386B1DCAFC3200130FA5 /* Problem12.swift */ = {isa = PBXFileReference; fileEncoding = 4; lastKnownFileType = sourcecode.swift; path = Problem12.swift; sourceTree = "<group>"; };
		4922205D1DD0437100C19364 /* Problem13.py */ = {isa = PBXFileReference; fileEncoding = 4; lastKnownFileType = text.script.python; path = Problem13.py; sourceTree = "<group>"; };
		4922205E1DD044D800C19364 /* Problem14.swift */ = {isa = PBXFileReference; fileEncoding = 4; lastKnownFileType = sourcecode.swift; path = Problem14.swift; sourceTree = "<group>"; };
		492DE93C1D94D4B7002DB1D7 /* Problem5.swift */ = {isa = PBXFileReference; fileEncoding = 4; lastKnownFileType = sourcecode.swift; path = Problem5.swift; sourceTree = "<group>"; };
		493206EC1D94C89B00268E3C /* Problem4.swift */ = {isa = PBXFileReference; fileEncoding = 4; lastKnownFileType = sourcecode.swift; path = Problem4.swift; sourceTree = "<group>"; };
		495321BA1DD1383F00035D54 /* Problem15.swift */ = {isa = PBXFileReference; fileEncoding = 4; lastKnownFileType = sourcecode.swift; path = Problem15.swift; sourceTree = "<group>"; };
		495321BC1DD2878900035D54 /* Problem15.py */ = {isa = PBXFileReference; fileEncoding = 4; lastKnownFileType = text.script.python; path = Problem15.py; sourceTree = "<group>"; };
		495321BD1DD2884000035D54 /* Problem16.swift */ = {isa = PBXFileReference; fileEncoding = 4; lastKnownFileType = sourcecode.swift; path = Problem16.swift; sourceTree = "<group>"; };
		495321BF1DD28AC300035D54 /* Problem16.py */ = {isa = PBXFileReference; fileEncoding = 4; lastKnownFileType = text.script.python; path = Problem16.py; sourceTree = "<group>"; };
		495321C01DD28B5E00035D54 /* Problem17.swift */ = {isa = PBXFileReference; fileEncoding = 4; lastKnownFileType = sourcecode.swift; path = Problem17.swift; sourceTree = "<group>"; };
		49C1BB291D90DD8E00F48B3C /* ProjectEulerSwift */ = {isa = PBXFileReference; explicitFileType = "compiled.mach-o.executable"; includeInIndex = 0; path = ProjectEulerSwift; sourceTree = BUILT_PRODUCTS_DIR; };
		49C1BB2C1D90DD8E00F48B3C /* main.swift */ = {isa = PBXFileReference; lastKnownFileType = sourcecode.swift; path = main.swift; sourceTree = "<group>"; };
		49C1BB331D90DDFE00F48B3C /* Problem1.swift */ = {isa = PBXFileReference; fileEncoding = 4; lastKnownFileType = sourcecode.swift; path = Problem1.swift; sourceTree = "<group>"; };
		49C1BB351D90E33300F48B3C /* Problem2.swift */ = {isa = PBXFileReference; fileEncoding = 4; lastKnownFileType = sourcecode.swift; path = Problem2.swift; sourceTree = "<group>"; };
		49C1BB371D90E61200F48B3C /* Problem3.swift */ = {isa = PBXFileReference; fileEncoding = 4; lastKnownFileType = sourcecode.swift; path = Problem3.swift; sourceTree = "<group>"; };
		49C58B6A1DC3BFD600025745 /* Problem10.swift */ = {isa = PBXFileReference; fileEncoding = 4; lastKnownFileType = sourcecode.swift; path = Problem10.swift; sourceTree = "<group>"; };
		49C58B6C1DC3C11800025745 /* Problem11.swift */ = {isa = PBXFileReference; fileEncoding = 4; lastKnownFileType = sourcecode.swift; path = Problem11.swift; sourceTree = "<group>"; };
		49D1C2431DC1782D00EEF114 /* Problem6.swift */ = {isa = PBXFileReference; fileEncoding = 4; lastKnownFileType = sourcecode.swift; path = Problem6.swift; sourceTree = "<group>"; };
		49D1C2451DC17C1B00EEF114 /* Problem7.swift */ = {isa = PBXFileReference; fileEncoding = 4; lastKnownFileType = sourcecode.swift; path = Problem7.swift; sourceTree = "<group>"; };
		49D1C2471DC1809500EEF114 /* Problem8.swift */ = {isa = PBXFileReference; fileEncoding = 4; lastKnownFileType = sourcecode.swift; path = Problem8.swift; sourceTree = "<group>"; };
		49D1C2491DC183B600EEF114 /* StringUtility.swift */ = {isa = PBXFileReference; fileEncoding = 4; lastKnownFileType = sourcecode.swift; path = StringUtility.swift; sourceTree = "<group>"; };
		49D1C24B1DC1AFCF00EEF114 /* Problem9.swift */ = {isa = PBXFileReference; fileEncoding = 4; lastKnownFileType = sourcecode.swift; path = Problem9.swift; sourceTree = "<group>"; };
		49F7932F1DD0387200FD6217 /* IntUtility.swift */ = {isa = PBXFileReference; fileEncoding = 4; lastKnownFileType = sourcecode.swift; path = IntUtility.swift; sourceTree = "<group>"; };
		49F793311DD039F500FD6217 /* Problem13.swift */ = {isa = PBXFileReference; fileEncoding = 4; lastKnownFileType = sourcecode.swift; path = Problem13.swift; sourceTree = "<group>"; };
		6B730F1A41C089B27ED25CDE /* Pods_ProjectEulerSwift.framework */ = {isa = PBXFileReference; explicitFileType = wrapper.framework; includeInIndex = 0; path = Pods_ProjectEulerSwift.framework; sourceTree = BUILT_PRODUCTS_DIR; };
		72B73011AAE8F3738AF5DE1A /* Pods-ProjectEulerSwift.debug.xcconfig */ = {isa = PBXFileReference; includeInIndex = 1; lastKnownFileType = text.xcconfig; name = "Pods-ProjectEulerSwift.debug.xcconfig"; path = "Pods/Target Support Files/Pods-ProjectEulerSwift/Pods-ProjectEulerSwift.debug.xcconfig"; sourceTree = "<group>"; };
		CFA052183A3AE8B2BBC20F41 /* Pods-ProjectEulerSwift.release.xcconfig */ = {isa = PBXFileReference; includeInIndex = 1; lastKnownFileType = text.xcconfig; name = "Pods-ProjectEulerSwift.release.xcconfig"; path = "Pods/Target Support Files/Pods-ProjectEulerSwift/Pods-ProjectEulerSwift.release.xcconfig"; sourceTree = "<group>"; };
/* End PBXFileReference section */

/* Begin PBXFrameworksBuildPhase section */
		49C1BB261D90DD8E00F48B3C /* Frameworks */ = {
			isa = PBXFrameworksBuildPhase;
			buildActionMask = 2147483647;
			files = (
				E211B912616E6EC9B32F8508 /* Pods_ProjectEulerSwift.framework in Frameworks */,
			);
			runOnlyForDeploymentPostprocessing = 0;
		};
/* End PBXFrameworksBuildPhase section */

/* Begin PBXGroup section */
		147413A667EAEAEC15D7B9BE /* Pods */ = {
			isa = PBXGroup;
			children = (
				72B73011AAE8F3738AF5DE1A /* Pods-ProjectEulerSwift.debug.xcconfig */,
				CFA052183A3AE8B2BBC20F41 /* Pods-ProjectEulerSwift.release.xcconfig */,
			);
			name = Pods;
			sourceTree = "<group>";
		};
		49C1BB201D90DD8E00F48B3C = {
			isa = PBXGroup;
			children = (
				49C1BB2B1D90DD8E00F48B3C /* ProjectEulerSwift */,
				49C1BB2A1D90DD8E00F48B3C /* Products */,
				147413A667EAEAEC15D7B9BE /* Pods */,
				BED2EA9E9A8835E5A4215D81 /* Frameworks */,
			);
			sourceTree = "<group>";
		};
		49C1BB2A1D90DD8E00F48B3C /* Products */ = {
			isa = PBXGroup;
			children = (
				49C1BB291D90DD8E00F48B3C /* ProjectEulerSwift */,
			);
			name = Products;
			sourceTree = "<group>";
		};
		49C1BB2B1D90DD8E00F48B3C /* ProjectEulerSwift */ = {
			isa = PBXGroup;
			children = (
				49C1BB2C1D90DD8E00F48B3C /* main.swift */,
				49F7932F1DD0387200FD6217 /* IntUtility.swift */,
				49D1C2491DC183B600EEF114 /* StringUtility.swift */,
				49C1BB331D90DDFE00F48B3C /* Problem1.swift */,
				49C1BB351D90E33300F48B3C /* Problem2.swift */,
				49C1BB371D90E61200F48B3C /* Problem3.swift */,
				493206EC1D94C89B00268E3C /* Problem4.swift */,
				492DE93C1D94D4B7002DB1D7 /* Problem5.swift */,
				49D1C2431DC1782D00EEF114 /* Problem6.swift */,
				49D1C2451DC17C1B00EEF114 /* Problem7.swift */,
				49D1C2471DC1809500EEF114 /* Problem8.swift */,
				49D1C24B1DC1AFCF00EEF114 /* Problem9.swift */,
				49C58B6A1DC3BFD600025745 /* Problem10.swift */,
				49C58B6C1DC3C11800025745 /* Problem11.swift */,
				490B386B1DCAFC3200130FA5 /* Problem12.swift */,
				49F793311DD039F500FD6217 /* Problem13.swift */,
				4922205D1DD0437100C19364 /* Problem13.py */,
				4922205E1DD044D800C19364 /* Problem14.swift */,
				495321BA1DD1383F00035D54 /* Problem15.swift */,
				495321BC1DD2878900035D54 /* Problem15.py */,
				495321BD1DD2884000035D54 /* Problem16.swift */,
				495321BF1DD28AC300035D54 /* Problem16.py */,
				495321C01DD28B5E00035D54 /* Problem17.swift */,
			);
			path = ProjectEulerSwift;
			sourceTree = "<group>";
		};
		BED2EA9E9A8835E5A4215D81 /* Frameworks */ = {
			isa = PBXGroup;
			children = (
				6B730F1A41C089B27ED25CDE /* Pods_ProjectEulerSwift.framework */,
			);
			name = Frameworks;
			sourceTree = "<group>";
		};
/* End PBXGroup section */

/* Begin PBXNativeTarget section */
		49C1BB281D90DD8E00F48B3C /* ProjectEulerSwift */ = {
			isa = PBXNativeTarget;
			buildConfigurationList = 49C1BB301D90DD8E00F48B3C /* Build configuration list for PBXNativeTarget "ProjectEulerSwift" */;
			buildPhases = (
				76615ED6C417DB326729DAC8 /* [CP] Check Pods Manifest.lock */,
				49C1BB251D90DD8E00F48B3C /* Sources */,
				49C1BB261D90DD8E00F48B3C /* Frameworks */,
				49C1BB271D90DD8E00F48B3C /* CopyFiles */,
				E66412E6E0B8E1050432F579 /* [CP] Copy Pods Resources */,
			);
			buildRules = (
			);
			dependencies = (
			);
			name = ProjectEulerSwift;
			productName = ProjectEulerSwift;
			productReference = 49C1BB291D90DD8E00F48B3C /* ProjectEulerSwift */;
			productType = "com.apple.product-type.tool";
		};
/* End PBXNativeTarget section */

/* Begin PBXProject section */
		49C1BB211D90DD8E00F48B3C /* Project object */ = {
			isa = PBXProject;
			attributes = {
				LastSwiftUpdateCheck = 0800;
				LastUpgradeCheck = 0810;
				ORGANIZATIONNAME = "Andrew Budziszek";
				TargetAttributes = {
					49C1BB281D90DD8E00F48B3C = {
						CreatedOnToolsVersion = 8.0;
						LastSwiftMigration = 0800;
						ProvisioningStyle = Automatic;
					};
				};
			};
			buildConfigurationList = 49C1BB241D90DD8E00F48B3C /* Build configuration list for PBXProject "ProjectEulerSwift" */;
			compatibilityVersion = "Xcode 3.2";
			developmentRegion = English;
			hasScannedForEncodings = 0;
			knownRegions = (
				en,
			);
			mainGroup = 49C1BB201D90DD8E00F48B3C;
			productRefGroup = 49C1BB2A1D90DD8E00F48B3C /* Products */;
			projectDirPath = "";
			projectRoot = "";
			targets = (
				49C1BB281D90DD8E00F48B3C /* ProjectEulerSwift */,
			);
		};
/* End PBXProject section */

/* Begin PBXShellScriptBuildPhase section */
		76615ED6C417DB326729DAC8 /* [CP] Check Pods Manifest.lock */ = {
			isa = PBXShellScriptBuildPhase;
			buildActionMask = 2147483647;
			files = (
			);
			inputPaths = (
			);
			name = "[CP] Check Pods Manifest.lock";
			outputPaths = (
			);
			runOnlyForDeploymentPostprocessing = 0;
			shellPath = /bin/sh;
			shellScript = "diff \"${PODS_ROOT}/../Podfile.lock\" \"${PODS_ROOT}/Manifest.lock\" > /dev/null\nif [[ $? != 0 ]] ; then\n    cat << EOM\nerror: The sandbox is not in sync with the Podfile.lock. Run 'pod install' or update your CocoaPods installation.\nEOM\n    exit 1\nfi\n";
			showEnvVarsInLog = 0;
		};
		E66412E6E0B8E1050432F579 /* [CP] Copy Pods Resources */ = {
			isa = PBXShellScriptBuildPhase;
			buildActionMask = 2147483647;
			files = (
			);
			inputPaths = (
			);
			name = "[CP] Copy Pods Resources";
			outputPaths = (
			);
			runOnlyForDeploymentPostprocessing = 0;
			shellPath = /bin/sh;
			shellScript = "\"${SRCROOT}/Pods/Target Support Files/Pods-ProjectEulerSwift/Pods-ProjectEulerSwift-resources.sh\"\n";
			showEnvVarsInLog = 0;
		};
/* End PBXShellScriptBuildPhase section */

/* Begin PBXSourcesBuildPhase section */
		49C1BB251D90DD8E00F48B3C /* Sources */ = {
			isa = PBXSourcesBuildPhase;
			buildActionMask = 2147483647;
			files = (
				49F793301DD0387200FD6217 /* IntUtility.swift in Sources */,
				49D1C2481DC1809500EEF114 /* Problem8.swift in Sources */,
				49C1BB361D90E33300F48B3C /* Problem2.swift in Sources */,
				49D1C2461DC17C1B00EEF114 /* Problem7.swift in Sources */,
				49C58B6D1DC3C11800025745 /* Problem11.swift in Sources */,
				490B386C1DCAFC3200130FA5 /* Problem12.swift in Sources */,
				49D1C24C1DC1AFCF00EEF114 /* Problem9.swift in Sources */,
				49C58B6B1DC3BFD600025745 /* Problem10.swift in Sources */,
				49D1C24A1DC183B600EEF114 /* StringUtility.swift in Sources */,
				493206ED1D94C89B00268E3C /* Problem4.swift in Sources */,
				49D1C2441DC1782D00EEF114 /* Problem6.swift in Sources */,
				495321C11DD28B5E00035D54 /* Problem17.swift in Sources */,
				495321BB1DD1383F00035D54 /* Problem15.swift in Sources */,
				49C1BB381D90E61200F48B3C /* Problem3.swift in Sources */,
				492DE93D1D94D4B7002DB1D7 /* Problem5.swift in Sources */,
				495321BE1DD2884000035D54 /* Problem16.swift in Sources */,
				4922205F1DD044D800C19364 /* Problem14.swift in Sources */,
				49C1BB2D1D90DD8E00F48B3C /* main.swift in Sources */,
				49C1BB341D90DDFE00F48B3C /* Problem1.swift in Sources */,
				49F793321DD039F500FD6217 /* Problem13.swift in Sources */,
			);
			runOnlyForDeploymentPostprocessing = 0;
		};
/* End PBXSourcesBuildPhase section */

/* Begin XCBuildConfiguration section */
		49C1BB2E1D90DD8E00F48B3C /* Debug */ = {
			isa = XCBuildConfiguration;
			buildSettings = {
				ALWAYS_SEARCH_USER_PATHS = NO;
				CLANG_ANALYZER_NONNULL = YES;
				CLANG_CXX_LANGUAGE_STANDARD = "gnu++0x";
				CLANG_CXX_LIBRARY = "libc++";
				CLANG_ENABLE_MODULES = YES;
				CLANG_ENABLE_OBJC_ARC = YES;
				CLANG_WARN_BOOL_CONVERSION = YES;
				CLANG_WARN_CONSTANT_CONVERSION = YES;
				CLANG_WARN_DIRECT_OBJC_ISA_USAGE = YES_ERROR;
				CLANG_WARN_DOCUMENTATION_COMMENTS = YES;
				CLANG_WARN_EMPTY_BODY = YES;
				CLANG_WARN_ENUM_CONVERSION = YES;
				CLANG_WARN_INFINITE_RECURSION = YES;
				CLANG_WARN_INT_CONVERSION = YES;
				CLANG_WARN_OBJC_ROOT_CLASS = YES_ERROR;
				CLANG_WARN_SUSPICIOUS_MOVE = YES;
				CLANG_WARN_SUSPICIOUS_MOVES = YES;
				CLANG_WARN_UNREACHABLE_CODE = YES;
				CLANG_WARN__DUPLICATE_METHOD_MATCH = YES;
				CODE_SIGN_IDENTITY = "-";
				COPY_PHASE_STRIP = NO;
				DEBUG_INFORMATION_FORMAT = dwarf;
				ENABLE_STRICT_OBJC_MSGSEND = YES;
				ENABLE_TESTABILITY = YES;
				GCC_C_LANGUAGE_STANDARD = gnu99;
				GCC_DYNAMIC_NO_PIC = NO;
				GCC_NO_COMMON_BLOCKS = YES;
				GCC_OPTIMIZATION_LEVEL = 0;
				GCC_PREPROCESSOR_DEFINITIONS = (
					"DEBUG=1",
					"$(inherited)",
				);
				GCC_WARN_64_TO_32_BIT_CONVERSION = YES;
				GCC_WARN_ABOUT_RETURN_TYPE = YES_ERROR;
				GCC_WARN_UNDECLARED_SELECTOR = YES;
				GCC_WARN_UNINITIALIZED_AUTOS = YES_AGGRESSIVE;
				GCC_WARN_UNUSED_FUNCTION = YES;
				GCC_WARN_UNUSED_VARIABLE = YES;
				MACOSX_DEPLOYMENT_TARGET = 10.11;
				MTL_ENABLE_DEBUG_INFO = YES;
				ONLY_ACTIVE_ARCH = YES;
				SDKROOT = macosx;
				SWIFT_OPTIMIZATION_LEVEL = "-Onone";
			};
			name = Debug;
		};
		49C1BB2F1D90DD8E00F48B3C /* Release */ = {
			isa = XCBuildConfiguration;
			buildSettings = {
				ALWAYS_SEARCH_USER_PATHS = NO;
				CLANG_ANALYZER_NONNULL = YES;
				CLANG_CXX_LANGUAGE_STANDARD = "gnu++0x";
				CLANG_CXX_LIBRARY = "libc++";
				CLANG_ENABLE_MODULES = YES;
				CLANG_ENABLE_OBJC_ARC = YES;
				CLANG_WARN_BOOL_CONVERSION = YES;
				CLANG_WARN_CONSTANT_CONVERSION = YES;
				CLANG_WARN_DIRECT_OBJC_ISA_USAGE = YES_ERROR;
				CLANG_WARN_DOCUMENTATION_COMMENTS = YES;
				CLANG_WARN_EMPTY_BODY = YES;
				CLANG_WARN_ENUM_CONVERSION = YES;
				CLANG_WARN_INFINITE_RECURSION = YES;
				CLANG_WARN_INT_CONVERSION = YES;
				CLANG_WARN_OBJC_ROOT_CLASS = YES_ERROR;
				CLANG_WARN_SUSPICIOUS_MOVE = YES;
				CLANG_WARN_SUSPICIOUS_MOVES = YES;
				CLANG_WARN_UNREACHABLE_CODE = YES;
				CLANG_WARN__DUPLICATE_METHOD_MATCH = YES;
				CODE_SIGN_IDENTITY = "-";
				COPY_PHASE_STRIP = NO;
				DEBUG_INFORMATION_FORMAT = "dwarf-with-dsym";
				ENABLE_NS_ASSERTIONS = NO;
				ENABLE_STRICT_OBJC_MSGSEND = YES;
				GCC_C_LANGUAGE_STANDARD = gnu99;
				GCC_NO_COMMON_BLOCKS = YES;
				GCC_WARN_64_TO_32_BIT_CONVERSION = YES;
				GCC_WARN_ABOUT_RETURN_TYPE = YES_ERROR;
				GCC_WARN_UNDECLARED_SELECTOR = YES;
				GCC_WARN_UNINITIALIZED_AUTOS = YES_AGGRESSIVE;
				GCC_WARN_UNUSED_FUNCTION = YES;
				GCC_WARN_UNUSED_VARIABLE = YES;
				MACOSX_DEPLOYMENT_TARGET = 10.11;
				MTL_ENABLE_DEBUG_INFO = NO;
				SDKROOT = macosx;
				SWIFT_OPTIMIZATION_LEVEL = "-Owholemodule";
			};
			name = Release;
		};
		49C1BB311D90DD8E00F48B3C /* Debug */ = {
			isa = XCBuildConfiguration;
			baseConfigurationReference = 72B73011AAE8F3738AF5DE1A /* Pods-ProjectEulerSwift.debug.xcconfig */;
			buildSettings = {
				ALWAYS_EMBED_SWIFT_STANDARD_LIBRARIES = YES;
				PRODUCT_NAME = "$(TARGET_NAME)";
				SWIFT_VERSION = 3.0;
			};
			name = Debug;
		};
		49C1BB321D90DD8E00F48B3C /* Release */ = {
			isa = XCBuildConfiguration;
			baseConfigurationReference = CFA052183A3AE8B2BBC20F41 /* Pods-ProjectEulerSwift.release.xcconfig */;
			buildSettings = {
				ALWAYS_EMBED_SWIFT_STANDARD_LIBRARIES = YES;
				PRODUCT_NAME = "$(TARGET_NAME)";
				SWIFT_VERSION = 3.0;
			};
			name = Release;
		};
/* End XCBuildConfiguration section */

/* Begin XCConfigurationList section */
		49C1BB241D90DD8E00F48B3C /* Build configuration list for PBXProject "ProjectEulerSwift" */ = {
			isa = XCConfigurationList;
			buildConfigurations = (
				49C1BB2E1D90DD8E00F48B3C /* Debug */,
				49C1BB2F1D90DD8E00F48B3C /* Release */,
			);
			defaultConfigurationIsVisible = 0;
			defaultConfigurationName = Release;
		};
		49C1BB301D90DD8E00F48B3C /* Build configuration list for PBXNativeTarget "ProjectEulerSwift" */ = {
			isa = XCConfigurationList;
			buildConfigurations = (
				49C1BB311D90DD8E00F48B3C /* Debug */,
				49C1BB321D90DD8E00F48B3C /* Release */,
			);
			defaultConfigurationIsVisible = 0;
			defaultConfigurationName = Release;
		};
/* End XCConfigurationList section */
	};
	rootObject = 49C1BB211D90DD8E00F48B3C /* Project object */;
}
