// !$*UTF8*$!
{
	archiveVersion = 1;
	classes = {
	};
	objectVersion = 46;
	objects = {

/* Begin PBXBuildFile section */
		490B386C1DCAFC3200130FA5 /* Problem12.swift in Sources */ = {isa = PBXBuildFile; fileRef = 490B386B1DCAFC3200130FA5 /* Problem12.swift */; };
		4922205F1DD044D800C19364 /* Problem14.swift in Sources */ = {isa = PBXBuildFile; fileRef = 4922205E1DD044D800C19364 /* Problem14.swift */; };
		492632CF1E3704CB004F83CA /* Problem29.swift in Sources */ = {isa = PBXBuildFile; fileRef = 492632CE1E3704CB004F83CA /* Problem29.swift */; };
		492632D11E3705D3004F83CA /* Problem30.swift in Sources */ = {isa = PBXBuildFile; fileRef = 492632D01E3705D3004F83CA /* Problem30.swift */; };
		492632D41E370B83004F83CA /* Problem28.swift in Sources */ = {isa = PBXBuildFile; fileRef = 492632D31E370B83004F83CA /* Problem28.swift */; };
		492DE93D1D94D4B7002DB1D7 /* Problem5.swift in Sources */ = {isa = PBXBuildFile; fileRef = 492DE93C1D94D4B7002DB1D7 /* Problem5.swift */; };
		493206ED1D94C89B00268E3C /* Problem4.swift in Sources */ = {isa = PBXBuildFile; fileRef = 493206EC1D94C89B00268E3C /* Problem4.swift */; };
		4939D1211E0F8DFB00B8F539 /* Problem22.swift in Sources */ = {isa = PBXBuildFile; fileRef = 4939D1201E0F8DFB00B8F539 /* Problem22.swift */; };
		495321BB1DD1383F00035D54 /* Problem15.swift in Sources */ = {isa = PBXBuildFile; fileRef = 495321BA1DD1383F00035D54 /* Problem15.swift */; };
		495321BE1DD2884000035D54 /* Problem16.swift in Sources */ = {isa = PBXBuildFile; fileRef = 495321BD1DD2884000035D54 /* Problem16.swift */; };
		495321C11DD28B5E00035D54 /* Problem17.swift in Sources */ = {isa = PBXBuildFile; fileRef = 495321C01DD28B5E00035D54 /* Problem17.swift */; };
		49A1EC411E10B19B009A2E71 /* Problem23.swift in Sources */ = {isa = PBXBuildFile; fileRef = 49A1EC401E10B19B009A2E71 /* Problem23.swift */; };
		49C1BB2D1D90DD8E00F48B3C /* main.swift in Sources */ = {isa = PBXBuildFile; fileRef = 49C1BB2C1D90DD8E00F48B3C /* main.swift */; };
		49C1BB341D90DDFE00F48B3C /* Problem1.swift in Sources */ = {isa = PBXBuildFile; fileRef = 49C1BB331D90DDFE00F48B3C /* Problem1.swift */; };
		49C1BB361D90E33300F48B3C /* Problem2.swift in Sources */ = {isa = PBXBuildFile; fileRef = 49C1BB351D90E33300F48B3C /* Problem2.swift */; };
		49C1BB381D90E61200F48B3C /* Problem3.swift in Sources */ = {isa = PBXBuildFile; fileRef = 49C1BB371D90E61200F48B3C /* Problem3.swift */; };
		49C58B6B1DC3BFD600025745 /* Problem10.swift in Sources */ = {isa = PBXBuildFile; fileRef = 49C58B6A1DC3BFD600025745 /* Problem10.swift */; };
		49C58B6D1DC3C11800025745 /* Problem11.swift in Sources */ = {isa = PBXBuildFile; fileRef = 49C58B6C1DC3C11800025745 /* Problem11.swift */; };
		49D1C2441DC1782D00EEF114 /* Problem6.swift in Sources */ = {isa = PBXBuildFile; fileRef = 49D1C2431DC1782D00EEF114 /* Problem6.swift */; };
		49D1C2461DC17C1B00EEF114 /* Problem7.swift in Sources */ = {isa = PBXBuildFile; fileRef = 49D1C2451DC17C1B00EEF114 /* Problem7.swift */; };
		49D1C2481DC1809500EEF114 /* Problem8.swift in Sources */ = {isa = PBXBuildFile; fileRef = 49D1C2471DC1809500EEF114 /* Problem8.swift */; };
		49D1C24A1DC183B600EEF114 /* StringUtility.swift in Sources */ = {isa = PBXBuildFile; fileRef = 49D1C2491DC183B600EEF114 /* StringUtility.swift */; };
		49D1C24C1DC1AFCF00EEF114 /* Problem9.swift in Sources */ = {isa = PBXBuildFile; fileRef = 49D1C24B1DC1AFCF00EEF114 /* Problem9.swift */; };
		49F21D4A1E0B983400AA36B6 /* Problem19.swift in Sources */ = {isa = PBXBuildFile; fileRef = 49F21D491E0B983400AA36B6 /* Problem19.swift */; };
		49F21D4C1E0BA5A600AA36B6 /* Problem20.swift in Sources */ = {isa = PBXBuildFile; fileRef = 49F21D4B1E0BA5A600AA36B6 /* Problem20.swift */; };
		49F21D4F1E0BA78C00AA36B6 /* Problem21.swift in Sources */ = {isa = PBXBuildFile; fileRef = 49F21D4E1E0BA78C00AA36B6 /* Problem21.swift */; };
		49F5D5EB1E2EF8D700AB7971 /* Problem26.swift in Sources */ = {isa = PBXBuildFile; fileRef = 49F5D5EA1E2EF8D700AB7971 /* Problem26.swift */; };
		49F5D5ED1E2EFD8700AB7971 /* Problem27.swift in Sources */ = {isa = PBXBuildFile; fileRef = 49F5D5EC1E2EFD8700AB7971 /* Problem27.swift */; };
		49F63E4F1DE0E8BB00C44698 /* Problem18.swift in Sources */ = {isa = PBXBuildFile; fileRef = 49F63E4E1DE0E8BB00C44698 /* Problem18.swift */; };
		49F793301DD0387200FD6217 /* IntUtility.swift in Sources */ = {isa = PBXBuildFile; fileRef = 49F7932F1DD0387200FD6217 /* IntUtility.swift */; };
		49F793321DD039F500FD6217 /* Problem13.swift in Sources */ = {isa = PBXBuildFile; fileRef = 49F793311DD039F500FD6217 /* Problem13.swift */; };
		49FF3D161E1B3276002E97D6 /* Problem24.swift in Sources */ = {isa = PBXBuildFile; fileRef = 49FF3D151E1B3276002E97D6 /* Problem24.swift */; };
		49FF3D191E1B4D7B002E97D6 /* Problem25.swift in Sources */ = {isa = PBXBuildFile; fileRef = 49FF3D181E1B4D7B002E97D6 /* Problem25.swift */; };
/* End PBXBuildFile section */

/* Begin PBXCopyFilesBuildPhase section */
		49C1BB271D90DD8E00F48B3C /* CopyFiles */ = {
			isa = PBXCopyFilesBuildPhase;
			buildActionMask = 2147483647;
			dstPath = /usr/share/man/man1/;
			dstSubfolderSpec = 0;
			files = (
			);
			runOnlyForDeploymentPostprocessing = 1;
		};
/* End PBXCopyFilesBuildPhase section */

/* Begin PBXFileReference section */
		490B386B1DCAFC3200130FA5 /* Problem12.swift */ = {isa = PBXFileReference; fileEncoding = 4; lastKnownFileType = sourcecode.swift; path = Problem12.swift; sourceTree = "<group>"; };
		4922205D1DD0437100C19364 /* Problem13.py */ = {isa = PBXFileReference; fileEncoding = 4; lastKnownFileType = text.script.python; path = Problem13.py; sourceTree = "<group>"; };
		4922205E1DD044D800C19364 /* Problem14.swift */ = {isa = PBXFileReference; fileEncoding = 4; lastKnownFileType = sourcecode.swift; path = Problem14.swift; sourceTree = "<group>"; };
		492632CE1E3704CB004F83CA /* Problem29.swift */ = {isa = PBXFileReference; fileEncoding = 4; lastKnownFileType = sourcecode.swift; path = Problem29.swift; sourceTree = "<group>"; };
		492632D01E3705D3004F83CA /* Problem30.swift */ = {isa = PBXFileReference; fileEncoding = 4; lastKnownFileType = sourcecode.swift; path = Problem30.swift; sourceTree = "<group>"; };
		492632D21E3707F0004F83CA /* Problem29.py */ = {isa = PBXFileReference; fileEncoding = 4; lastKnownFileType = text.script.python; path = Problem29.py; sourceTree = "<group>"; };
		492632D31E370B83004F83CA /* Problem28.swift */ = {isa = PBXFileReference; fileEncoding = 4; lastKnownFileType = sourcecode.swift; path = Problem28.swift; sourceTree = "<group>"; };
		492DE93C1D94D4B7002DB1D7 /* Problem5.swift */ = {isa = PBXFileReference; fileEncoding = 4; lastKnownFileType = sourcecode.swift; path = Problem5.swift; sourceTree = "<group>"; };
		493206EC1D94C89B00268E3C /* Problem4.swift */ = {isa = PBXFileReference; fileEncoding = 4; lastKnownFileType = sourcecode.swift; path = Problem4.swift; sourceTree = "<group>"; };
		4939D1201E0F8DFB00B8F539 /* Problem22.swift */ = {isa = PBXFileReference; fileEncoding = 4; lastKnownFileType = sourcecode.swift; path = Problem22.swift; sourceTree = "<group>"; };
		4948C1771E0F905D00AEF376 /* namesProblem22.txt */ = {isa = PBXFileReference; fileEncoding = 4; lastKnownFileType = text; path = namesProblem22.txt; sourceTree = "<group>"; };
		495321BA1DD1383F00035D54 /* Problem15.swift */ = {isa = PBXFileReference; fileEncoding = 4; lastKnownFileType = sourcecode.swift; path = Problem15.swift; sourceTree = "<group>"; };
		495321BC1DD2878900035D54 /* Problem15.py */ = {isa = PBXFileReference; fileEncoding = 4; lastKnownFileType = text.script.python; path = Problem15.py; sourceTree = "<group>"; };
		495321BD1DD2884000035D54 /* Problem16.swift */ = {isa = PBXFileReference; fileEncoding = 4; lastKnownFileType = sourcecode.swift; path = Problem16.swift; sourceTree = "<group>"; };
		495321BF1DD28AC300035D54 /* Problem16.py */ = {isa = PBXFileReference; fileEncoding = 4; lastKnownFileType = text.script.python; path = Problem16.py; sourceTree = "<group>"; };
		495321C01DD28B5E00035D54 /* Problem17.swift */ = {isa = PBXFileReference; fileEncoding = 4; lastKnownFileType = sourcecode.swift; path = Problem17.swift; sourceTree = "<group>"; };
		49A1EC401E10B19B009A2E71 /* Problem23.swift */ = {isa = PBXFileReference; fileEncoding = 4; lastKnownFileType = sourcecode.swift; path = Problem23.swift; sourceTree = "<group>"; };
		49C1BB291D90DD8E00F48B3C /* ProjectEulerSwift */ = {isa = PBXFileReference; explicitFileType = "compiled.mach-o.executable"; includeInIndex = 0; path = ProjectEulerSwift; sourceTree = BUILT_PRODUCTS_DIR; };
		49C1BB2C1D90DD8E00F48B3C /* main.swift */ = {isa = PBXFileReference; lastKnownFileType = sourcecode.swift; path = main.swift; sourceTree = "<group>"; };
		49C1BB331D90DDFE00F48B3C /* Problem1.swift */ = {isa = PBXFileReference; fileEncoding = 4; lastKnownFileType = sourcecode.swift; path = Problem1.swift; sourceTree = "<group>"; };
		49C1BB351D90E33300F48B3C /* Problem2.swift */ = {isa = PBXFileReference; fileEncoding = 4; lastKnownFileType = sourcecode.swift; path = Problem2.swift; sourceTree = "<group>"; };
		49C1BB371D90E61200F48B3C /* Problem3.swift */ = {isa = PBXFileReference; fileEncoding = 4; lastKnownFileType = sourcecode.swift; path = Problem3.swift; sourceTree = "<group>"; };
		49C58B6A1DC3BFD600025745 /* Problem10.swift */ = {isa = PBXFileReference; fileEncoding = 4; lastKnownFileType = sourcecode.swift; path = Problem10.swift; sourceTree = "<group>"; };
		49C58B6C1DC3C11800025745 /* Problem11.swift */ = {isa = PBXFileReference; fileEncoding = 4; lastKnownFileType = sourcecode.swift; path = Problem11.swift; sourceTree = "<group>"; };
		49D1C2431DC1782D00EEF114 /* Problem6.swift */ = {isa = PBXFileReference; fileEncoding = 4; lastKnownFileType = sourcecode.swift; path = Problem6.swift; sourceTree = "<group>"; };
		49D1C2451DC17C1B00EEF114 /* Problem7.swift */ = {isa = PBXFileReference; fileEncoding = 4; lastKnownFileType = sourcecode.swift; path = Problem7.swift; sourceTree = "<group>"; };
		49D1C2471DC1809500EEF114 /* Problem8.swift */ = {isa = PBXFileReference; fileEncoding = 4; lastKnownFileType = sourcecode.swift; path = Problem8.swift; sourceTree = "<group>"; };
		49D1C2491DC183B600EEF114 /* StringUtility.swift */ = {isa = PBXFileReference; fileEncoding = 4; lastKnownFileType = sourcecode.swift; path = StringUtility.swift; sourceTree = "<group>"; };
		49D1C24B1DC1AFCF00EEF114 /* Problem9.swift */ = {isa = PBXFileReference; fileEncoding = 4; lastKnownFileType = sourcecode.swift; path = Problem9.swift; sourceTree = "<group>"; };
		49F21D471E0B95F500AA36B6 /* Problem18.py */ = {isa = PBXFileReference; lastKnownFileType = text.script.python; path = Problem18.py; sourceTree = "<group>"; };
		49F21D481E0B95F900AA36B6 /* Problem18Data.txt */ = {isa = PBXFileReference; lastKnownFileType = text; path = Problem18Data.txt; sourceTree = "<group>"; };
		49F21D491E0B983400AA36B6 /* Problem19.swift */ = {isa = PBXFileReference; fileEncoding = 4; lastKnownFileType = sourcecode.swift; path = Problem19.swift; sourceTree = "<group>"; };
		49F21D4B1E0BA5A600AA36B6 /* Problem20.swift */ = {isa = PBXFileReference; fileEncoding = 4; lastKnownFileType = sourcecode.swift; path = Problem20.swift; sourceTree = "<group>"; };
		49F21D4D1E0BA5CF00AA36B6 /* Problem20.py */ = {isa = PBXFileReference; lastKnownFileType = text.script.python; path = Problem20.py; sourceTree = "<group>"; };
		49F21D4E1E0BA78C00AA36B6 /* Problem21.swift */ = {isa = PBXFileReference; fileEncoding = 4; lastKnownFileType = sourcecode.swift; path = Problem21.swift; sourceTree = "<group>"; };
		49F5D5EA1E2EF8D700AB7971 /* Problem26.swift */ = {isa = PBXFileReference; fileEncoding = 4; lastKnownFileType = sourcecode.swift; path = Problem26.swift; sourceTree = "<group>"; };
		49F5D5EC1E2EFD8700AB7971 /* Problem27.swift */ = {isa = PBXFileReference; fileEncoding = 4; lastKnownFileType = sourcecode.swift; path = Problem27.swift; sourceTree = "<group>"; };
		49F63E4E1DE0E8BB00C44698 /* Problem18.swift */ = {isa = PBXFileReference; fileEncoding = 4; lastKnownFileType = sourcecode.swift; path = Problem18.swift; sourceTree = "<group>"; };
		49F7932F1DD0387200FD6217 /* IntUtility.swift */ = {isa = PBXFileReference; fileEncoding = 4; lastKnownFileType = sourcecode.swift; path = IntUtility.swift; sourceTree = "<group>"; };
		49F793311DD039F500FD6217 /* Problem13.swift */ = {isa = PBXFileReference; fileEncoding = 4; lastKnownFileType = sourcecode.swift; path = Problem13.swift; sourceTree = "<group>"; };
		49FF3D151E1B3276002E97D6 /* Problem24.swift */ = {isa = PBXFileReference; fileEncoding = 4; lastKnownFileType = sourcecode.swift; path = Problem24.swift; sourceTree = "<group>"; };
		49FF3D171E1B4D71002E97D6 /* Problem25.py */ = {isa = PBXFileReference; lastKnownFileType = text.script.python; path = Problem25.py; sourceTree = "<group>"; };
		49FF3D181E1B4D7B002E97D6 /* Problem25.swift */ = {isa = PBXFileReference; fileEncoding = 4; lastKnownFileType = sourcecode.swift; path = Problem25.swift; sourceTree = "<group>"; };
/* End PBXFileReference section */

/* Begin PBXFrameworksBuildPhase section */
		49C1BB261D90DD8E00F48B3C /* Frameworks */ = {
			isa = PBXFrameworksBuildPhase;
			buildActionMask = 2147483647;
			files = (
			);
			runOnlyForDeploymentPostprocessing = 0;
		};
/* End PBXFrameworksBuildPhase section */

/* Begin PBXGroup section */
		49C1BB201D90DD8E00F48B3C = {
			isa = PBXGroup;
			children = (
				49C1BB2B1D90DD8E00F48B3C /* ProjectEulerSwift */,
				49C1BB2A1D90DD8E00F48B3C /* Products */,
			);
			sourceTree = "<group>";
		};
		49C1BB2A1D90DD8E00F48B3C /* Products */ = {
			isa = PBXGroup;
			children = (
				49C1BB291D90DD8E00F48B3C /* ProjectEulerSwift */,
			);
			name = Products;
			sourceTree = "<group>";
		};
		49C1BB2B1D90DD8E00F48B3C /* ProjectEulerSwift */ = {
			isa = PBXGroup;
			children = (
				49C1BB2C1D90DD8E00F48B3C /* main.swift */,
				49F7932F1DD0387200FD6217 /* IntUtility.swift */,
				49D1C2491DC183B600EEF114 /* StringUtility.swift */,
				49C1BB331D90DDFE00F48B3C /* Problem1.swift */,
				49C1BB351D90E33300F48B3C /* Problem2.swift */,
				49C1BB371D90E61200F48B3C /* Problem3.swift */,
				493206EC1D94C89B00268E3C /* Problem4.swift */,
				492DE93C1D94D4B7002DB1D7 /* Problem5.swift */,
				49D1C2431DC1782D00EEF114 /* Problem6.swift */,
				49D1C2451DC17C1B00EEF114 /* Problem7.swift */,
				49D1C2471DC1809500EEF114 /* Problem8.swift */,
				49D1C24B1DC1AFCF00EEF114 /* Problem9.swift */,
				49C58B6A1DC3BFD600025745 /* Problem10.swift */,
				49C58B6C1DC3C11800025745 /* Problem11.swift */,
				490B386B1DCAFC3200130FA5 /* Problem12.swift */,
				49F793311DD039F500FD6217 /* Problem13.swift */,
				4922205D1DD0437100C19364 /* Problem13.py */,
				4922205E1DD044D800C19364 /* Problem14.swift */,
				495321BA1DD1383F00035D54 /* Problem15.swift */,
				495321BC1DD2878900035D54 /* Problem15.py */,
				495321BD1DD2884000035D54 /* Problem16.swift */,
				495321BF1DD28AC300035D54 /* Problem16.py */,
				495321C01DD28B5E00035D54 /* Problem17.swift */,
				49F63E4E1DE0E8BB00C44698 /* Problem18.swift */,
				49F21D481E0B95F900AA36B6 /* Problem18Data.txt */,
				49F21D471E0B95F500AA36B6 /* Problem18.py */,
				49F21D491E0B983400AA36B6 /* Problem19.swift */,
				49F21D4B1E0BA5A600AA36B6 /* Problem20.swift */,
				49F21D4D1E0BA5CF00AA36B6 /* Problem20.py */,
				49F21D4E1E0BA78C00AA36B6 /* Problem21.swift */,
				4939D1201E0F8DFB00B8F539 /* Problem22.swift */,
				4948C1771E0F905D00AEF376 /* namesProblem22.txt */,
				49A1EC401E10B19B009A2E71 /* Problem23.swift */,
				49FF3D151E1B3276002E97D6 /* Problem24.swift */,
				49FF3D171E1B4D71002E97D6 /* Problem25.py */,
				49FF3D181E1B4D7B002E97D6 /* Problem25.swift */,
				49F5D5EA1E2EF8D700AB7971 /* Problem26.swift */,
				49F5D5EC1E2EFD8700AB7971 /* Problem27.swift */,
				492632CE1E3704CB004F83CA /* Problem29.swift */,
				492632D31E370B83004F83CA /* Problem28.swift */,
				492632D21E3707F0004F83CA /* Problem29.py */,
				492632D01E3705D3004F83CA /* Problem30.swift */,
			);
			path = ProjectEulerSwift;
			sourceTree = "<group>";
		};
/* End PBXGroup section */

/* Begin PBXNativeTarget section */
		49C1BB281D90DD8E00F48B3C /* ProjectEulerSwift */ = {
			isa = PBXNativeTarget;
			buildConfigurationList = 49C1BB301D90DD8E00F48B3C /* Build configuration list for PBXNativeTarget "ProjectEulerSwift" */;
			buildPhases = (
				49C1BB251D90DD8E00F48B3C /* Sources */,
				49C1BB261D90DD8E00F48B3C /* Frameworks */,
				49C1BB271D90DD8E00F48B3C /* CopyFiles */,
			);
			buildRules = (
			);
			dependencies = (
			);
			name = ProjectEulerSwift;
			productName = ProjectEulerSwift;
			productReference = 49C1BB291D90DD8E00F48B3C /* ProjectEulerSwift */;
			productType = "com.apple.product-type.tool";
		};
/* End PBXNativeTarget section */

/* Begin PBXProject section */
		49C1BB211D90DD8E00F48B3C /* Project object */ = {
			isa = PBXProject;
			attributes = {
				LastSwiftUpdateCheck = 0800;
				LastUpgradeCheck = 0810;
				ORGANIZATIONNAME = "Andrew Budziszek";
				TargetAttributes = {
					49C1BB281D90DD8E00F48B3C = {
						CreatedOnToolsVersion = 8.0;
						LastSwiftMigration = 0800;
						ProvisioningStyle = Automatic;
					};
				};
			};
			buildConfigurationList = 49C1BB241D90DD8E00F48B3C /* Build configuration list for PBXProject "ProjectEulerSwift" */;
			compatibilityVersion = "Xcode 3.2";
			developmentRegion = English;
			hasScannedForEncodings = 0;
			knownRegions = (
				en,
			);
			mainGroup = 49C1BB201D90DD8E00F48B3C;
			productRefGroup = 49C1BB2A1D90DD8E00F48B3C /* Products */;
			projectDirPath = "";
			projectRoot = "";
			targets = (
				49C1BB281D90DD8E00F48B3C /* ProjectEulerSwift */,
			);
		};
/* End PBXProject section */

/* Begin PBXSourcesBuildPhase section */
		49C1BB251D90DD8E00F48B3C /* Sources */ = {
			isa = PBXSourcesBuildPhase;
			buildActionMask = 2147483647;
			files = (
				492632CF1E3704CB004F83CA /* Problem29.swift in Sources */,
				492632D41E370B83004F83CA /* Problem28.swift in Sources */,
				49F793301DD0387200FD6217 /* IntUtility.swift in Sources */,
				49D1C2481DC1809500EEF114 /* Problem8.swift in Sources */,
				49F5D5EB1E2EF8D700AB7971 /* Problem26.swift in Sources */,
				49C1BB361D90E33300F48B3C /* Problem2.swift in Sources */,
				49F63E4F1DE0E8BB00C44698 /* Problem18.swift in Sources */,
				4939D1211E0F8DFB00B8F539 /* Problem22.swift in Sources */,
				49F21D4C1E0BA5A600AA36B6 /* Problem20.swift in Sources */,
				49D1C2461DC17C1B00EEF114 /* Problem7.swift in Sources */,
				49C58B6D1DC3C11800025745 /* Problem11.swift in Sources */,
				490B386C1DCAFC3200130FA5 /* Problem12.swift in Sources */,
				49D1C24C1DC1AFCF00EEF114 /* Problem9.swift in Sources */,
				49C58B6B1DC3BFD600025745 /* Problem10.swift in Sources */,
				49D1C24A1DC183B600EEF114 /* StringUtility.swift in Sources */,
				493206ED1D94C89B00268E3C /* Problem4.swift in Sources */,
				49F5D5ED1E2EFD8700AB7971 /* Problem27.swift in Sources */,
				49D1C2441DC1782D00EEF114 /* Problem6.swift in Sources */,
				49A1EC411E10B19B009A2E71 /* Problem23.swift in Sources */,
				49F21D4A1E0B983400AA36B6 /* Problem19.swift in Sources */,
				495321C11DD28B5E00035D54 /* Problem17.swift in Sources */,
				49F21D4F1E0BA78C00AA36B6 /* Problem21.swift in Sources */,
				495321BB1DD1383F00035D54 /* Problem15.swift in Sources */,
				49C1BB381D90E61200F48B3C /* Problem3.swift in Sources */,
				492DE93D1D94D4B7002DB1D7 /* Problem5.swift in Sources */,
				495321BE1DD2884000035D54 /* Problem16.swift in Sources */,
				49FF3D191E1B4D7B002E97D6 /* Problem25.swift in Sources */,
				4922205F1DD044D800C19364 /* Problem14.swift in Sources */,
				49C1BB2D1D90DD8E00F48B3C /* main.swift in Sources */,
				49FF3D161E1B3276002E97D6 /* Problem24.swift in Sources */,
				49C1BB341D90DDFE00F48B3C /* Problem1.swift in Sources */,
				492632D11E3705D3004F83CA /* Problem30.swift in Sources */,
				49F793321DD039F500FD6217 /* Problem13.swift in Sources */,
			);
			runOnlyForDeploymentPostprocessing = 0;
		};
/* End PBXSourcesBuildPhase section */

/* Begin XCBuildConfiguration section */
		49C1BB2E1D90DD8E00F48B3C /* Debug */ = {
			isa = XCBuildConfiguration;
			buildSettings = {
				ALWAYS_SEARCH_USER_PATHS = NO;
				CLANG_ANALYZER_NONNULL = YES;
				CLANG_CXX_LANGUAGE_STANDARD = "gnu++0x";
				CLANG_CXX_LIBRARY = "libc++";
				CLANG_ENABLE_MODULES = YES;
				CLANG_ENABLE_OBJC_ARC = YES;
				CLANG_WARN_BOOL_CONVERSION = YES;
				CLANG_WARN_CONSTANT_CONVERSION = YES;
				CLANG_WARN_DIRECT_OBJC_ISA_USAGE = YES_ERROR;
				CLANG_WARN_DOCUMENTATION_COMMENTS = YES;
				CLANG_WARN_EMPTY_BODY = YES;
				CLANG_WARN_ENUM_CONVERSION = YES;
				CLANG_WARN_INFINITE_RECURSION = YES;
				CLANG_WARN_INT_CONVERSION = YES;
				CLANG_WARN_OBJC_ROOT_CLASS = YES_ERROR;
				CLANG_WARN_SUSPICIOUS_MOVE = YES;
				CLANG_WARN_SUSPICIOUS_MOVES = YES;
				CLANG_WARN_UNREACHABLE_CODE = YES;
				CLANG_WARN__DUPLICATE_METHOD_MATCH = YES;
				CODE_SIGN_IDENTITY = "-";
				COPY_PHASE_STRIP = NO;
				DEBUG_INFORMATION_FORMAT = dwarf;
				ENABLE_STRICT_OBJC_MSGSEND = YES;
				ENABLE_TESTABILITY = YES;
				GCC_C_LANGUAGE_STANDARD = gnu99;
				GCC_DYNAMIC_NO_PIC = NO;
				GCC_NO_COMMON_BLOCKS = YES;
				GCC_OPTIMIZATION_LEVEL = 0;
				GCC_PREPROCESSOR_DEFINITIONS = (
					"DEBUG=1",
					"$(inherited)",
				);
				GCC_WARN_64_TO_32_BIT_CONVERSION = YES;
				GCC_WARN_ABOUT_RETURN_TYPE = YES_ERROR;
				GCC_WARN_UNDECLARED_SELECTOR = YES;
				GCC_WARN_UNINITIALIZED_AUTOS = YES_AGGRESSIVE;
				GCC_WARN_UNUSED_FUNCTION = YES;
				GCC_WARN_UNUSED_VARIABLE = YES;
				MACOSX_DEPLOYMENT_TARGET = 10.11;
				MTL_ENABLE_DEBUG_INFO = YES;
				ONLY_ACTIVE_ARCH = YES;
				SDKROOT = macosx;
				SWIFT_OPTIMIZATION_LEVEL = "-Onone";
			};
			name = Debug;
		};
		49C1BB2F1D90DD8E00F48B3C /* Release */ = {
			isa = XCBuildConfiguration;
			buildSettings = {
				ALWAYS_SEARCH_USER_PATHS = NO;
				CLANG_ANALYZER_NONNULL = YES;
				CLANG_CXX_LANGUAGE_STANDARD = "gnu++0x";
				CLANG_CXX_LIBRARY = "libc++";
				CLANG_ENABLE_MODULES = YES;
				CLANG_ENABLE_OBJC_ARC = YES;
				CLANG_WARN_BOOL_CONVERSION = YES;
				CLANG_WARN_CONSTANT_CONVERSION = YES;
				CLANG_WARN_DIRECT_OBJC_ISA_USAGE = YES_ERROR;
				CLANG_WARN_DOCUMENTATION_COMMENTS = YES;
				CLANG_WARN_EMPTY_BODY = YES;
				CLANG_WARN_ENUM_CONVERSION = YES;
				CLANG_WARN_INFINITE_RECURSION = YES;
				CLANG_WARN_INT_CONVERSION = YES;
				CLANG_WARN_OBJC_ROOT_CLASS = YES_ERROR;
				CLANG_WARN_SUSPICIOUS_MOVE = YES;
				CLANG_WARN_SUSPICIOUS_MOVES = YES;
				CLANG_WARN_UNREACHABLE_CODE = YES;
				CLANG_WARN__DUPLICATE_METHOD_MATCH = YES;
				CODE_SIGN_IDENTITY = "-";
				COPY_PHASE_STRIP = NO;
				DEBUG_INFORMATION_FORMAT = "dwarf-with-dsym";
				ENABLE_NS_ASSERTIONS = NO;
				ENABLE_STRICT_OBJC_MSGSEND = YES;
				GCC_C_LANGUAGE_STANDARD = gnu99;
				GCC_NO_COMMON_BLOCKS = YES;
				GCC_WARN_64_TO_32_BIT_CONVERSION = YES;
				GCC_WARN_ABOUT_RETURN_TYPE = YES_ERROR;
				GCC_WARN_UNDECLARED_SELECTOR = YES;
				GCC_WARN_UNINITIALIZED_AUTOS = YES_AGGRESSIVE;
				GCC_WARN_UNUSED_FUNCTION = YES;
				GCC_WARN_UNUSED_VARIABLE = YES;
				MACOSX_DEPLOYMENT_TARGET = 10.11;
				MTL_ENABLE_DEBUG_INFO = NO;
				SDKROOT = macosx;
				SWIFT_OPTIMIZATION_LEVEL = "-Owholemodule";
			};
			name = Release;
		};
		49C1BB311D90DD8E00F48B3C /* Debug */ = {
			isa = XCBuildConfiguration;
			buildSettings = {
				ALWAYS_EMBED_SWIFT_STANDARD_LIBRARIES = YES;
				OTHER_LDFLAGS = "";
				PRODUCT_NAME = "$(TARGET_NAME)";
				SWIFT_VERSION = 3.0;
			};
			name = Debug;
		};
		49C1BB321D90DD8E00F48B3C /* Release */ = {
			isa = XCBuildConfiguration;
			buildSettings = {
				ALWAYS_EMBED_SWIFT_STANDARD_LIBRARIES = YES;
				OTHER_LDFLAGS = "";
				PRODUCT_NAME = "$(TARGET_NAME)";
				SWIFT_VERSION = 3.0;
			};
			name = Release;
		};
/* End XCBuildConfiguration section */

/* Begin XCConfigurationList section */
		49C1BB241D90DD8E00F48B3C /* Build configuration list for PBXProject "ProjectEulerSwift" */ = {
			isa = XCConfigurationList;
			buildConfigurations = (
				49C1BB2E1D90DD8E00F48B3C /* Debug */,
				49C1BB2F1D90DD8E00F48B3C /* Release */,
			);
			defaultConfigurationIsVisible = 0;
			defaultConfigurationName = Release;
		};
		49C1BB301D90DD8E00F48B3C /* Build configuration list for PBXNativeTarget "ProjectEulerSwift" */ = {
			isa = XCConfigurationList;
			buildConfigurations = (
				49C1BB311D90DD8E00F48B3C /* Debug */,
				49C1BB321D90DD8E00F48B3C /* Release */,
			);
			defaultConfigurationIsVisible = 0;
			defaultConfigurationName = Release;
		};
/* End XCConfigurationList section */
	};
	rootObject = 49C1BB211D90DD8E00F48B3C /* Project object */;
}
